
Microsoft Visual Studio Solution File, Format Version 12.00
# Visual Studio Version 16
VisualStudioVersion = 16.0.29806.167
MinimumVisualStudioVersion = 10.0.40219.1
Project("{FAE04EC0-301F-11D3-BF4B-00C04F79EFBC}") = "ReportSolution.WebApp", "ReportSolution.WebApp\ReportSolution.WebApp.csproj", "{7269C6FC-8F87-4096-A217-799B445BFF19}"
EndProject
Project("{2150E333-8FDC-42A3-9474-1A3956D46DE8}") = "Solution Items", "Solution Items", "{3D0D67CC-71B8-4855-A949-2E1C0C0EDB1E}"
	ProjectSection(SolutionItems) = preProject
		README.md = README.md
	EndProjectSection
EndProject
Project("{FAE04EC0-301F-11D3-BF4B-00C04F79EFBC}") = "ReportSolution.Data", "ReportSolution.Data\ReportSolution.Data.csproj", "{8976F79C-2CF0-4183-94A9-DD99F5C8AC1B}"
EndProject
Project("{FAE04EC0-301F-11D3-BF4B-00C04F79EFBC}") = "ReportSolution.Application", "ReportSolution.Application\ReportSolution.Application.csproj", "{E92E7BDE-3740-40DE-A27E-BCBDEA657540}"
EndProject
Global
	GlobalSection(SolutionConfigurationPlatforms) = preSolution
		Debug|Any CPU = Debug|Any CPU
		Release|Any CPU = Release|Any CPU
	EndGlobalSection
	GlobalSection(ProjectConfigurationPlatforms) = postSolution
		{7269C6FC-8F87-4096-A217-799B445BFF19}.Debug|Any CPU.ActiveCfg = Debug|Any CPU
		{7269C6FC-8F87-4096-A217-799B445BFF19}.Debug|Any CPU.Build.0 = Debug|Any CPU
		{7269C6FC-8F87-4096-A217-799B445BFF19}.Release|Any CPU.ActiveCfg = Release|Any CPU
		{7269C6FC-8F87-4096-A217-799B445BFF19}.Release|Any CPU.Build.0 = Release|Any CPU
		{8976F79C-2CF0-4183-94A9-DD99F5C8AC1B}.Debug|Any CPU.ActiveCfg = Debug|Any CPU
		{8976F79C-2CF0-4183-94A9-DD99F5C8AC1B}.Debug|Any CPU.Build.0 = Debug|Any CPU
		{8976F79C-2CF0-4183-94A9-DD99F5C8AC1B}.Release|Any CPU.ActiveCfg = Release|Any CPU
		{8976F79C-2CF0-4183-94A9-DD99F5C8AC1B}.Release|Any CPU.Build.0 = Release|Any CPU
		{E92E7BDE-3740-40DE-A27E-BCBDEA657540}.Debug|Any CPU.ActiveCfg = Debug|Any CPU
		{E92E7BDE-3740-40DE-A27E-BCBDEA657540}.Debug|Any CPU.Build.0 = Debug|Any CPU
		{E92E7BDE-3740-40DE-A27E-BCBDEA657540}.Release|Any CPU.ActiveCfg = Release|Any CPU
		{E92E7BDE-3740-40DE-A27E-BCBDEA657540}.Release|Any CPU.Build.0 = Release|Any CPU
	EndGlobalSection
	GlobalSection(SolutionProperties) = preSolution
		HideSolutionNode = FALSE
	EndGlobalSection
	GlobalSection(ExtensibilityGlobals) = postSolution
		SolutionGuid = {69415885-E882-46E5-8DEE-22B4E936B693}
	EndGlobalSection
EndGlobal
